Microsoft Visual Studio Solution File, Format Version 12.00
# Visual Studio Version 17
VisualStudioVersion = 17.5.2.0
MinimumVisualStudioVersion = 10.0.40219.1
Project("{FAE04EC0-301F-11D3-BF4B-00C04F79EFBC}") = "MeLocator", "MeLocator.csproj", "{ACD97F47-A65A-1A4B-E1E3-264030750C3F}"
EndProject
Global
	GlobalSection(SolutionConfigurationPlatforms) = preSolution
		Debug|Any CPU = Debug|Any CPU
		Release|Any CPU = Release|Any CPU
	EndGlobalSection
	GlobalSection(ProjectConfigurationPlatforms) = postSolution
		{ACD97F47-A65A-1A4B-E1E3-264030750C3F}.Debug|Any CPU.ActiveCfg = Debug|Any CPU
		{ACD97F47-A65A-1A4B-E1E3-264030750C3F}.Debug|Any CPU.Build.0 = Debug|Any CPU
		{ACD97F47-A65A-1A4B-E1E3-264030750C3F}.Release|Any CPU.ActiveCfg = Release|Any CPU
		{ACD97F47-A65A-1A4B-E1E3-264030750C3F}.Release|Any CPU.Build.0 = Release|Any CPU
	EndGlobalSection
	GlobalSection(SolutionProperties) = preSolution
		HideSolutionNode = FALSE
	EndGlobalSection
	GlobalSection(ExtensibilityGlobals) = postSolution
		SolutionGuid = {274B5FF9-D318-4E0E-880A-37382E197F3E}
	EndGlobalSection
EndGlobal
